
Microsoft Visual Studio Solution File, Format Version 12.00
# Visual Studio Version 17
VisualStudioVersion = 17.6.33829.357
MinimumVisualStudioVersion = 10.0.40219.1
Project("{FAE04EC0-301F-11D3-BF4B-00C04F79EFBC}") = "Presentation", "Presentation\Presentation.csproj", "{8346B844-2195-4128-AB6A-AB6827BD381A}"
EndProject
Project("{FAE04EC0-301F-11D3-BF4B-00C04F79EFBC}") = "Data", "Data\Data.csproj", "{E2A0A702-D816-41C7-84FE-92FBC186F30C}"
EndProject
Project("{FAE04EC0-301F-11D3-BF4B-00C04F79EFBC}") = "DataAccess", "DataAccess\DataAccess.csproj", "{8FFAB4EB-8BCD-4A2A-BB71-707CF4FC0A26}"
EndProject
Project("{FAE04EC0-301F-11D3-BF4B-00C04F79EFBC}") = "Business", "Business\Business.csproj", "{C017BC17-0D72-4AFB-B6B3-7573526ED898}"
EndProject
Global
	GlobalSection(SolutionConfigurationPlatforms) = preSolution
		Debug|Any CPU = Debug|Any CPU
		Release|Any CPU = Release|Any CPU
	EndGlobalSection
	GlobalSection(ProjectConfigurationPlatforms) = postSolution
		{8346B844-2195-4128-AB6A-AB6827BD381A}.Debug|Any CPU.ActiveCfg = Debug|Any CPU
		{8346B844-2195-4128-AB6A-AB6827BD381A}.Debug|Any CPU.Build.0 = Debug|Any CPU
		{8346B844-2195-4128-AB6A-AB6827BD381A}.Release|Any CPU.ActiveCfg = Release|Any CPU
		{8346B844-2195-4128-AB6A-AB6827BD381A}.Release|Any CPU.Build.0 = Release|Any CPU
		{E2A0A702-D816-41C7-84FE-92FBC186F30C}.Debug|Any CPU.ActiveCfg = Debug|Any CPU
		{E2A0A702-D816-41C7-84FE-92FBC186F30C}.Debug|Any CPU.Build.0 = Debug|Any CPU
		{E2A0A702-D816-41C7-84FE-92FBC186F30C}.Release|Any CPU.ActiveCfg = Release|Any CPU
		{E2A0A702-D816-41C7-84FE-92FBC186F30C}.Release|Any CPU.Build.0 = Release|Any CPU
		{8FFAB4EB-8BCD-4A2A-BB71-707CF4FC0A26}.Debug|Any CPU.ActiveCfg = Debug|Any CPU
		{8FFAB4EB-8BCD-4A2A-BB71-707CF4FC0A26}.Debug|Any CPU.Build.0 = Debug|Any CPU
		{8FFAB4EB-8BCD-4A2A-BB71-707CF4FC0A26}.Release|Any CPU.ActiveCfg = Release|Any CPU
		{8FFAB4EB-8BCD-4A2A-BB71-707CF4FC0A26}.Release|Any CPU.Build.0 = Release|Any CPU
		{C017BC17-0D72-4AFB-B6B3-7573526ED898}.Debug|Any CPU.ActiveCfg = Debug|Any CPU
		{C017BC17-0D72-4AFB-B6B3-7573526ED898}.Debug|Any CPU.Build.0 = Debug|Any CPU
		{C017BC17-0D72-4AFB-B6B3-7573526ED898}.Release|Any CPU.ActiveCfg = Release|Any CPU
		{C017BC17-0D72-4AFB-B6B3-7573526ED898}.Release|Any CPU.Build.0 = Release|Any CPU
	EndGlobalSection
	GlobalSection(SolutionProperties) = preSolution
		HideSolutionNode = FALSE
	EndGlobalSection
	GlobalSection(ExtensibilityGlobals) = postSolution
		SolutionGuid = {5ED9B70A-392A-4BE1-B844-25B3A61BFC42}
	EndGlobalSection
EndGlobal
